
Microsoft Visual Studio Solution File, Format Version 12.00
# Visual Studio Version 16
VisualStudioVersion = 16.0.30517.126
MinimumVisualStudioVersion = 10.0.40219.1
Project("{2150E333-8FDC-42A3-9474-1A3956D46DE8}") = "Application", "Application", "{92268712-21E4-45AC-90B8-4F0B777FEDC2}"
EndProject
Project("{2150E333-8FDC-42A3-9474-1A3956D46DE8}") = "Domain", "Domain", "{88622A21-3D48-468E-BAF3-1EEF42F8D0FF}"
EndProject
Project("{2150E333-8FDC-42A3-9474-1A3956D46DE8}") = "Infrastructure", "Infrastructure", "{5C2FA2F2-51B6-4DD9-AAC2-6EB8A5398917}"
EndProject
Project("{2150E333-8FDC-42A3-9474-1A3956D46DE8}") = "Interfaces", "Interfaces", "{7CB7C777-E45E-49F3-97C1-86C0074381E5}"
EndProject
Project("{2150E333-8FDC-42A3-9474-1A3956D46DE8}") = "Tests", "Tests", "{AA08C99E-7439-4530-A6F8-79478BB256FC}"
EndProject
Project("{9A19103F-16F7-4668-BE54-9A1E7A4F7556}") = "Med.Application.DTO", "Med.Application.DTO\Med.Application.DTO.csproj", "{44E31EC6-8F97-4B98-AAD0-259F5BE60CB0}"
EndProject
Project("{9A19103F-16F7-4668-BE54-9A1E7A4F7556}") = "Med.Application", "Med.Application\Med.Application.csproj", "{F486BFA8-16FC-413A-BF37-BAFEC84AB25D}"
EndProject
Project("{9A19103F-16F7-4668-BE54-9A1E7A4F7556}") = "Med.Domain", "Med.Domain\Med.Domain.csproj", "{1B95484A-94E7-4FD2-82E2-3E915344AB20}"
EndProject
Project("{9A19103F-16F7-4668-BE54-9A1E7A4F7556}") = "Med.Domain.Core", "Med.Domain.Core\Med.Domain.Core.csproj", "{C112733B-F9BD-4EFF-939D-3EC2F678DF30}"
EndProject
Project("{9A19103F-16F7-4668-BE54-9A1E7A4F7556}") = "Med.Domain.Services", "Med.Domain.Services\Med.Domain.Services.csproj", "{30E7E1C6-CE07-44F0-A62E-DE187FBC88B5}"
EndProject
Project("{9A19103F-16F7-4668-BE54-9A1E7A4F7556}") = "Med.Infrastructure.CrossCutting.Adapter", "Med.Infrastructure.CrossCutting.Adapter\Med.Infrastructure.CrossCutting.Adapter.csproj", "{6DF0190D-41D5-4E66-A30F-F26AEA4E47D8}"
EndProject
Project("{9A19103F-16F7-4668-BE54-9A1E7A4F7556}") = "Med.Infrastructure.CrossCutting.IOC", "Med.Infrastructure.CrossCutting.IOC\Med.Infrastructure.CrossCutting.IOC.csproj", "{D2143058-43F5-493A-8CBB-9CCA00BDDE62}"
EndProject
Project("{9A19103F-16F7-4668-BE54-9A1E7A4F7556}") = "Med.Infrastructure.Repository", "Med.Infrastructure.Repository\Med.Infrastructure.Repository.csproj", "{B1185CF0-2725-4F63-AF64-9A88AE7407C3}"
EndProject
Project("{9A19103F-16F7-4668-BE54-9A1E7A4F7556}") = "Med.Infrastruture.Data", "Med.Infrastruture.Data\Med.Infrastruture.Data.csproj", "{A37F4CE7-9339-4C4F-A0B5-C7AD68E8FDA8}"
EndProject
Project("{9A19103F-16F7-4668-BE54-9A1E7A4F7556}") = "Med.API", "Med.API\Med.API.csproj", "{310B901B-8E36-406F-A31E-A4D71D880B4A}"
EndProject
Project("{9A19103F-16F7-4668-BE54-9A1E7A4F7556}") = "Med.UnitTests", "Med.UnitTests\Med.UnitTests.csproj", "{9D14D2B5-4D52-4A80-82BD-D26FB844AFBE}"
EndProject
Global
	GlobalSection(SolutionConfigurationPlatforms) = preSolution
		Debug|Any CPU = Debug|Any CPU
		Release|Any CPU = Release|Any CPU
	EndGlobalSection
	GlobalSection(ProjectConfigurationPlatforms) = postSolution
		{44E31EC6-8F97-4B98-AAD0-259F5BE60CB0}.Debug|Any CPU.ActiveCfg = Debug|Any CPU
		{44E31EC6-8F97-4B98-AAD0-259F5BE60CB0}.Debug|Any CPU.Build.0 = Debug|Any CPU
		{44E31EC6-8F97-4B98-AAD0-259F5BE60CB0}.Release|Any CPU.ActiveCfg = Release|Any CPU
		{44E31EC6-8F97-4B98-AAD0-259F5BE60CB0}.Release|Any CPU.Build.0 = Release|Any CPU
		{F486BFA8-16FC-413A-BF37-BAFEC84AB25D}.Debug|Any CPU.ActiveCfg = Debug|Any CPU
		{F486BFA8-16FC-413A-BF37-BAFEC84AB25D}.Debug|Any CPU.Build.0 = Debug|Any CPU
		{F486BFA8-16FC-413A-BF37-BAFEC84AB25D}.Release|Any CPU.ActiveCfg = Release|Any CPU
		{F486BFA8-16FC-413A-BF37-BAFEC84AB25D}.Release|Any CPU.Build.0 = Release|Any CPU
		{1B95484A-94E7-4FD2-82E2-3E915344AB20}.Debug|Any CPU.ActiveCfg = Debug|Any CPU
		{1B95484A-94E7-4FD2-82E2-3E915344AB20}.Debug|Any CPU.Build.0 = Debug|Any CPU
		{1B95484A-94E7-4FD2-82E2-3E915344AB20}.Release|Any CPU.ActiveCfg = Release|Any CPU
		{1B95484A-94E7-4FD2-82E2-3E915344AB20}.Release|Any CPU.Build.0 = Release|Any CPU
		{C112733B-F9BD-4EFF-939D-3EC2F678DF30}.Debug|Any CPU.ActiveCfg = Debug|Any CPU
		{C112733B-F9BD-4EFF-939D-3EC2F678DF30}.Debug|Any CPU.Build.0 = Debug|Any CPU
		{C112733B-F9BD-4EFF-939D-3EC2F678DF30}.Release|Any CPU.ActiveCfg = Release|Any CPU
		{C112733B-F9BD-4EFF-939D-3EC2F678DF30}.Release|Any CPU.Build.0 = Release|Any CPU
		{30E7E1C6-CE07-44F0-A62E-DE187FBC88B5}.Debug|Any CPU.ActiveCfg = Debug|Any CPU
		{30E7E1C6-CE07-44F0-A62E-DE187FBC88B5}.Debug|Any CPU.Build.0 = Debug|Any CPU
		{30E7E1C6-CE07-44F0-A62E-DE187FBC88B5}.Release|Any CPU.ActiveCfg = Release|Any CPU
		{30E7E1C6-CE07-44F0-A62E-DE187FBC88B5}.Release|Any CPU.Build.0 = Release|Any CPU
		{6DF0190D-41D5-4E66-A30F-F26AEA4E47D8}.Debug|Any CPU.ActiveCfg = Debug|Any CPU
		{6DF0190D-41D5-4E66-A30F-F26AEA4E47D8}.Debug|Any CPU.Build.0 = Debug|Any CPU
		{6DF0190D-41D5-4E66-A30F-F26AEA4E47D8}.Release|Any CPU.ActiveCfg = Release|Any CPU
		{6DF0190D-41D5-4E66-A30F-F26AEA4E47D8}.Release|Any CPU.Build.0 = Release|Any CPU
		{D2143058-43F5-493A-8CBB-9CCA00BDDE62}.Debug|Any CPU.ActiveCfg = Debug|Any CPU
		{D2143058-43F5-493A-8CBB-9CCA00BDDE62}.Debug|Any CPU.Build.0 = Debug|Any CPU
		{D2143058-43F5-493A-8CBB-9CCA00BDDE62}.Release|Any CPU.ActiveCfg = Release|Any CPU
		{D2143058-43F5-493A-8CBB-9CCA00BDDE62}.Release|Any CPU.Build.0 = Release|Any CPU
		{B1185CF0-2725-4F63-AF64-9A88AE7407C3}.Debug|Any CPU.ActiveCfg = Debug|Any CPU
		{B1185CF0-2725-4F63-AF64-9A88AE7407C3}.Debug|Any CPU.Build.0 = Debug|Any CPU
		{B1185CF0-2725-4F63-AF64-9A88AE7407C3}.Release|Any CPU.ActiveCfg = Release|Any CPU
		{B1185CF0-2725-4F63-AF64-9A88AE7407C3}.Release|Any CPU.Build.0 = Release|Any CPU
		{A37F4CE7-9339-4C4F-A0B5-C7AD68E8FDA8}.Debug|Any CPU.ActiveCfg = Debug|Any CPU
		{A37F4CE7-9339-4C4F-A0B5-C7AD68E8FDA8}.Debug|Any CPU.Build.0 = Debug|Any CPU
		{A37F4CE7-9339-4C4F-A0B5-C7AD68E8FDA8}.Release|Any CPU.ActiveCfg = Release|Any CPU
		{A37F4CE7-9339-4C4F-A0B5-C7AD68E8FDA8}.Release|Any CPU.Build.0 = Release|Any CPU
		{310B901B-8E36-406F-A31E-A4D71D880B4A}.Debug|Any CPU.ActiveCfg = Debug|Any CPU
		{310B901B-8E36-406F-A31E-A4D71D880B4A}.Debug|Any CPU.Build.0 = Debug|Any CPU
		{310B901B-8E36-406F-A31E-A4D71D880B4A}.Release|Any CPU.ActiveCfg = Release|Any CPU
		{310B901B-8E36-406F-A31E-A4D71D880B4A}.Release|Any CPU.Build.0 = Release|Any CPU
		{9D14D2B5-4D52-4A80-82BD-D26FB844AFBE}.Debug|Any CPU.ActiveCfg = Debug|Any CPU
		{9D14D2B5-4D52-4A80-82BD-D26FB844AFBE}.Debug|Any CPU.Build.0 = Debug|Any CPU
		{9D14D2B5-4D52-4A80-82BD-D26FB844AFBE}.Release|Any CPU.ActiveCfg = Release|Any CPU
		{9D14D2B5-4D52-4A80-82BD-D26FB844AFBE}.Release|Any CPU.Build.0 = Release|Any CPU
	EndGlobalSection
	GlobalSection(SolutionProperties) = preSolution
		HideSolutionNode = FALSE
	EndGlobalSection
	GlobalSection(NestedProjects) = preSolution
		{44E31EC6-8F97-4B98-AAD0-259F5BE60CB0} = {92268712-21E4-45AC-90B8-4F0B777FEDC2}
		{F486BFA8-16FC-413A-BF37-BAFEC84AB25D} = {92268712-21E4-45AC-90B8-4F0B777FEDC2}
		{1B95484A-94E7-4FD2-82E2-3E915344AB20} = {88622A21-3D48-468E-BAF3-1EEF42F8D0FF}
		{C112733B-F9BD-4EFF-939D-3EC2F678DF30} = {88622A21-3D48-468E-BAF3-1EEF42F8D0FF}
		{30E7E1C6-CE07-44F0-A62E-DE187FBC88B5} = {88622A21-3D48-468E-BAF3-1EEF42F8D0FF}
		{6DF0190D-41D5-4E66-A30F-F26AEA4E47D8} = {5C2FA2F2-51B6-4DD9-AAC2-6EB8A5398917}
		{D2143058-43F5-493A-8CBB-9CCA00BDDE62} = {5C2FA2F2-51B6-4DD9-AAC2-6EB8A5398917}
		{B1185CF0-2725-4F63-AF64-9A88AE7407C3} = {5C2FA2F2-51B6-4DD9-AAC2-6EB8A5398917}
		{A37F4CE7-9339-4C4F-A0B5-C7AD68E8FDA8} = {5C2FA2F2-51B6-4DD9-AAC2-6EB8A5398917}
		{310B901B-8E36-406F-A31E-A4D71D880B4A} = {7CB7C777-E45E-49F3-97C1-86C0074381E5}
		{9D14D2B5-4D52-4A80-82BD-D26FB844AFBE} = {AA08C99E-7439-4530-A6F8-79478BB256FC}
	EndGlobalSection
	GlobalSection(ExtensibilityGlobals) = postSolution
		SolutionGuid = {E3F05B61-D609-42E3-AB7A-75420111A276}
	EndGlobalSection
EndGlobal
