
Microsoft Visual Studio Solution File, Format Version 12.00
# Visual Studio Version 16
VisualStudioVersion = 16.0.30517.126
MinimumVisualStudioVersion = 10.0.40219.1
Project("{FAE04EC0-301F-11D3-BF4B-00C04F79EFBC}") = "Med.API", "Med.API.csproj", "{8DFBEE3A-859A-4677-B780-F886D4180DCD}"
EndProject
Project("{2150E333-8FDC-42A3-9474-1A3956D46DE8}") = "Application", "Application", "{92268712-21E4-45AC-90B8-4F0B777FEDC2}"
EndProject
Project("{2150E333-8FDC-42A3-9474-1A3956D46DE8}") = "Domain", "Domain", "{88622A21-3D48-468E-BAF3-1EEF42F8D0FF}"
EndProject
Project("{2150E333-8FDC-42A3-9474-1A3956D46DE8}") = "Infrastructure", "Infrastructure", "{5C2FA2F2-51B6-4DD9-AAC2-6EB8A5398917}"
EndProject
Project("{2150E333-8FDC-42A3-9474-1A3956D46DE8}") = "Interfaces", "Interfaces", "{7CB7C777-E45E-49F3-97C1-86C0074381E5}"
EndProject
Project("{FAE04EC0-301F-11D3-BF4B-00C04F79EFBC}") = "Med.Application", "..\Medication.Application\Med.Application.csproj", "{9289BB45-2AF1-43D9-9383-24738A1E17C8}"
EndProject
Project("{FAE04EC0-301F-11D3-BF4B-00C04F79EFBC}") = "Med.Domain", "..\Medication.Domain\Med.Domain.csproj", "{544F9493-E840-45D9-999D-A2F684C5DF11}"
EndProject
Project("{FAE04EC0-301F-11D3-BF4B-00C04F79EFBC}") = "Med.Domain.Core", "..\Medication.Domain.Core\Med.Domain.Core.csproj", "{E022F5E2-8AF3-4B0F-8E2F-5986DE5E4690}"
EndProject
Project("{FAE04EC0-301F-11D3-BF4B-00C04F79EFBC}") = "Med.Domain.Services", "..\Med.Domain.Services\Med.Domain.Services.csproj", "{D14F9BDB-6406-459B-86FC-89C595DEB9CA}"
EndProject
Project("{FAE04EC0-301F-11D3-BF4B-00C04F79EFBC}") = "Med.Application.DTO", "..\Med.Application.DTO\Med.Application.DTO.csproj", "{C1E14E89-673F-4B37-B179-B9A5B89B8889}"
EndProject
Project("{FAE04EC0-301F-11D3-BF4B-00C04F79EFBC}") = "Med.Infrastructure.CrossCutting.Adapter", "..\Med.Infrastructure.CrossCutting.Adapter\Med.Infrastructure.CrossCutting.Adapter.csproj", "{A11A3603-DC34-4CBF-A67F-C5689311A1EA}"
EndProject
Project("{FAE04EC0-301F-11D3-BF4B-00C04F79EFBC}") = "Med.Infrastruture.Data", "..\Med.Infrastruture.Data\Med.Infrastruture.Data.csproj", "{1DEAE8EF-8FA1-46F6-96B9-CCE4CB72928A}"
EndProject
Project("{FAE04EC0-301F-11D3-BF4B-00C04F79EFBC}") = "Med.Infrastructure.Repository", "..\Med.Infrastructure.Repository\Med.Infrastructure.Repository.csproj", "{DAEEAEE1-A37C-45FF-864E-EE0FA4AEDF9A}"
EndProject
Project("{FAE04EC0-301F-11D3-BF4B-00C04F79EFBC}") = "Med.Infrastructure.CrossCutting.IOC", "..\Med.Infrastructure.CrossCutting.IOC\Med.Infrastructure.CrossCutting.IOC.csproj", "{D36DE45A-3556-4359-8F15-740B3AD2936F}"
EndProject
Project("{2150E333-8FDC-42A3-9474-1A3956D46DE8}") = "Tests", "Tests", "{AA08C99E-7439-4530-A6F8-79478BB256FC}"
EndProject
Project("{FAE04EC0-301F-11D3-BF4B-00C04F79EFBC}") = "Med.UnitTests", "..\Med.UnitTests\Med.UnitTests.csproj", "{3705D947-A23D-4C4D-A86B-2B9289D13F22}"
EndProject
Global
	GlobalSection(SolutionConfigurationPlatforms) = preSolution
		Debug|Any CPU = Debug|Any CPU
		Release|Any CPU = Release|Any CPU
	EndGlobalSection
	GlobalSection(ProjectConfigurationPlatforms) = postSolution
		{8DFBEE3A-859A-4677-B780-F886D4180DCD}.Debug|Any CPU.ActiveCfg = Debug|Any CPU
		{8DFBEE3A-859A-4677-B780-F886D4180DCD}.Debug|Any CPU.Build.0 = Debug|Any CPU
		{8DFBEE3A-859A-4677-B780-F886D4180DCD}.Release|Any CPU.ActiveCfg = Release|Any CPU
		{8DFBEE3A-859A-4677-B780-F886D4180DCD}.Release|Any CPU.Build.0 = Release|Any CPU
		{9289BB45-2AF1-43D9-9383-24738A1E17C8}.Debug|Any CPU.ActiveCfg = Debug|Any CPU
		{9289BB45-2AF1-43D9-9383-24738A1E17C8}.Debug|Any CPU.Build.0 = Debug|Any CPU
		{9289BB45-2AF1-43D9-9383-24738A1E17C8}.Release|Any CPU.ActiveCfg = Release|Any CPU
		{9289BB45-2AF1-43D9-9383-24738A1E17C8}.Release|Any CPU.Build.0 = Release|Any CPU
		{544F9493-E840-45D9-999D-A2F684C5DF11}.Debug|Any CPU.ActiveCfg = Debug|Any CPU
		{544F9493-E840-45D9-999D-A2F684C5DF11}.Debug|Any CPU.Build.0 = Debug|Any CPU
		{544F9493-E840-45D9-999D-A2F684C5DF11}.Release|Any CPU.ActiveCfg = Release|Any CPU
		{544F9493-E840-45D9-999D-A2F684C5DF11}.Release|Any CPU.Build.0 = Release|Any CPU
		{E022F5E2-8AF3-4B0F-8E2F-5986DE5E4690}.Debug|Any CPU.ActiveCfg = Debug|Any CPU
		{E022F5E2-8AF3-4B0F-8E2F-5986DE5E4690}.Debug|Any CPU.Build.0 = Debug|Any CPU
		{E022F5E2-8AF3-4B0F-8E2F-5986DE5E4690}.Release|Any CPU.ActiveCfg = Release|Any CPU
		{E022F5E2-8AF3-4B0F-8E2F-5986DE5E4690}.Release|Any CPU.Build.0 = Release|Any CPU
		{D14F9BDB-6406-459B-86FC-89C595DEB9CA}.Debug|Any CPU.ActiveCfg = Debug|Any CPU
		{D14F9BDB-6406-459B-86FC-89C595DEB9CA}.Debug|Any CPU.Build.0 = Debug|Any CPU
		{D14F9BDB-6406-459B-86FC-89C595DEB9CA}.Release|Any CPU.ActiveCfg = Release|Any CPU
		{D14F9BDB-6406-459B-86FC-89C595DEB9CA}.Release|Any CPU.Build.0 = Release|Any CPU
		{C1E14E89-673F-4B37-B179-B9A5B89B8889}.Debug|Any CPU.ActiveCfg = Debug|Any CPU
		{C1E14E89-673F-4B37-B179-B9A5B89B8889}.Debug|Any CPU.Build.0 = Debug|Any CPU
		{C1E14E89-673F-4B37-B179-B9A5B89B8889}.Release|Any CPU.ActiveCfg = Release|Any CPU
		{C1E14E89-673F-4B37-B179-B9A5B89B8889}.Release|Any CPU.Build.0 = Release|Any CPU
		{A11A3603-DC34-4CBF-A67F-C5689311A1EA}.Debug|Any CPU.ActiveCfg = Debug|Any CPU
		{A11A3603-DC34-4CBF-A67F-C5689311A1EA}.Debug|Any CPU.Build.0 = Debug|Any CPU
		{A11A3603-DC34-4CBF-A67F-C5689311A1EA}.Release|Any CPU.ActiveCfg = Release|Any CPU
		{A11A3603-DC34-4CBF-A67F-C5689311A1EA}.Release|Any CPU.Build.0 = Release|Any CPU
		{1DEAE8EF-8FA1-46F6-96B9-CCE4CB72928A}.Debug|Any CPU.ActiveCfg = Debug|Any CPU
		{1DEAE8EF-8FA1-46F6-96B9-CCE4CB72928A}.Debug|Any CPU.Build.0 = Debug|Any CPU
		{1DEAE8EF-8FA1-46F6-96B9-CCE4CB72928A}.Release|Any CPU.ActiveCfg = Release|Any CPU
		{1DEAE8EF-8FA1-46F6-96B9-CCE4CB72928A}.Release|Any CPU.Build.0 = Release|Any CPU
		{DAEEAEE1-A37C-45FF-864E-EE0FA4AEDF9A}.Debug|Any CPU.ActiveCfg = Debug|Any CPU
		{DAEEAEE1-A37C-45FF-864E-EE0FA4AEDF9A}.Debug|Any CPU.Build.0 = Debug|Any CPU
		{DAEEAEE1-A37C-45FF-864E-EE0FA4AEDF9A}.Release|Any CPU.ActiveCfg = Release|Any CPU
		{DAEEAEE1-A37C-45FF-864E-EE0FA4AEDF9A}.Release|Any CPU.Build.0 = Release|Any CPU
		{D36DE45A-3556-4359-8F15-740B3AD2936F}.Debug|Any CPU.ActiveCfg = Debug|Any CPU
		{D36DE45A-3556-4359-8F15-740B3AD2936F}.Debug|Any CPU.Build.0 = Debug|Any CPU
		{D36DE45A-3556-4359-8F15-740B3AD2936F}.Release|Any CPU.ActiveCfg = Release|Any CPU
		{D36DE45A-3556-4359-8F15-740B3AD2936F}.Release|Any CPU.Build.0 = Release|Any CPU
		{3705D947-A23D-4C4D-A86B-2B9289D13F22}.Debug|Any CPU.ActiveCfg = Debug|Any CPU
		{3705D947-A23D-4C4D-A86B-2B9289D13F22}.Debug|Any CPU.Build.0 = Debug|Any CPU
		{3705D947-A23D-4C4D-A86B-2B9289D13F22}.Release|Any CPU.ActiveCfg = Release|Any CPU
		{3705D947-A23D-4C4D-A86B-2B9289D13F22}.Release|Any CPU.Build.0 = Release|Any CPU
	EndGlobalSection
	GlobalSection(SolutionProperties) = preSolution
		HideSolutionNode = FALSE
	EndGlobalSection
	GlobalSection(NestedProjects) = preSolution
		{8DFBEE3A-859A-4677-B780-F886D4180DCD} = {7CB7C777-E45E-49F3-97C1-86C0074381E5}
		{9289BB45-2AF1-43D9-9383-24738A1E17C8} = {92268712-21E4-45AC-90B8-4F0B777FEDC2}
		{544F9493-E840-45D9-999D-A2F684C5DF11} = {88622A21-3D48-468E-BAF3-1EEF42F8D0FF}
		{E022F5E2-8AF3-4B0F-8E2F-5986DE5E4690} = {88622A21-3D48-468E-BAF3-1EEF42F8D0FF}
		{D14F9BDB-6406-459B-86FC-89C595DEB9CA} = {88622A21-3D48-468E-BAF3-1EEF42F8D0FF}
		{C1E14E89-673F-4B37-B179-B9A5B89B8889} = {92268712-21E4-45AC-90B8-4F0B777FEDC2}
		{A11A3603-DC34-4CBF-A67F-C5689311A1EA} = {5C2FA2F2-51B6-4DD9-AAC2-6EB8A5398917}
		{1DEAE8EF-8FA1-46F6-96B9-CCE4CB72928A} = {5C2FA2F2-51B6-4DD9-AAC2-6EB8A5398917}
		{DAEEAEE1-A37C-45FF-864E-EE0FA4AEDF9A} = {5C2FA2F2-51B6-4DD9-AAC2-6EB8A5398917}
		{D36DE45A-3556-4359-8F15-740B3AD2936F} = {5C2FA2F2-51B6-4DD9-AAC2-6EB8A5398917}
		{3705D947-A23D-4C4D-A86B-2B9289D13F22} = {AA08C99E-7439-4530-A6F8-79478BB256FC}
	EndGlobalSection
	GlobalSection(ExtensibilityGlobals) = postSolution
		SolutionGuid = {E3F05B61-D609-42E3-AB7A-75420111A276}
	EndGlobalSection
EndGlobal
